
Microsoft Visual Studio Solution File, Format Version 12.00
# Visual Studio Version 17
VisualStudioVersion = 17.0.31717.71
MinimumVisualStudioVersion = 10.0.40219.1
Project("{2150E333-8FDC-42A3-9474-1A3956D46DE8}") = "src", "src", "{4F6BE2ED-CF8B-4121-BE0C-13F49D34FED1}"
EndProject
Project("{9A19103F-16F7-4668-BE54-9A1E7A4F7556}") = "Domain", "src\Domain\Domain.csproj", "{FABF5245-0261-4878-A047-6AB6EAA35EE7}"
EndProject
Project("{9A19103F-16F7-4668-BE54-9A1E7A4F7556}") = "Application", "src\Application\Application.csproj", "{E2E2E3AA-DEF5-4811-BC61-963239994AE9}"
EndProject
Project("{9A19103F-16F7-4668-BE54-9A1E7A4F7556}") = "Infrastructure", "src\Infrastructure\Infrastructure.csproj", "{BA16B5E1-EC68-4BF5-8EE0-41D03B8040A4}"
EndProject
Project("{9A19103F-16F7-4668-BE54-9A1E7A4F7556}") = "WebAPI", "src\WebAPI\WebAPI.csproj", "{CADDD359-ED3C-4B7D-8FA3-9391D66A69E5}"
EndProject
Project("{9A19103F-16F7-4668-BE54-9A1E7A4F7556}") = "UI", "src\UI\UI.csproj", "{17664BD0-B10E-4A74-82AB-2C7E71C2AB4C}"
EndProject
Project("{2150E333-8FDC-42A3-9474-1A3956D46DE8}") = "tests", "tests", "{E0599704-33DE-454F-96CB-B95A3186359D}"
EndProject
Project("{9A19103F-16F7-4668-BE54-9A1E7A4F7556}") = "Application.UnitTests", "tests\Application.UnitTests\Application.UnitTests.csproj", "{FF49F351-6205-4221-925F-6C33965E3BB4}"
EndProject
Project("{9A19103F-16F7-4668-BE54-9A1E7A4F7556}") = "WebAPI.IntegrationTests", "tests\Application.IntegrationTests\WebAPI.IntegrationTests.csproj", "{84997449-C0E8-4D7D-9461-DBB59FF0084C}"
EndProject
Global
	GlobalSection(SolutionConfigurationPlatforms) = preSolution
		Debug|Any CPU = Debug|Any CPU
		Release|Any CPU = Release|Any CPU
	EndGlobalSection
	GlobalSection(ProjectConfigurationPlatforms) = postSolution
		{FABF5245-0261-4878-A047-6AB6EAA35EE7}.Debug|Any CPU.ActiveCfg = Debug|Any CPU
		{FABF5245-0261-4878-A047-6AB6EAA35EE7}.Debug|Any CPU.Build.0 = Debug|Any CPU
		{FABF5245-0261-4878-A047-6AB6EAA35EE7}.Release|Any CPU.ActiveCfg = Release|Any CPU
		{FABF5245-0261-4878-A047-6AB6EAA35EE7}.Release|Any CPU.Build.0 = Release|Any CPU
		{E2E2E3AA-DEF5-4811-BC61-963239994AE9}.Debug|Any CPU.ActiveCfg = Debug|Any CPU
		{E2E2E3AA-DEF5-4811-BC61-963239994AE9}.Debug|Any CPU.Build.0 = Debug|Any CPU
		{E2E2E3AA-DEF5-4811-BC61-963239994AE9}.Release|Any CPU.ActiveCfg = Release|Any CPU
		{E2E2E3AA-DEF5-4811-BC61-963239994AE9}.Release|Any CPU.Build.0 = Release|Any CPU
		{BA16B5E1-EC68-4BF5-8EE0-41D03B8040A4}.Debug|Any CPU.ActiveCfg = Debug|Any CPU
		{BA16B5E1-EC68-4BF5-8EE0-41D03B8040A4}.Debug|Any CPU.Build.0 = Debug|Any CPU
		{BA16B5E1-EC68-4BF5-8EE0-41D03B8040A4}.Release|Any CPU.ActiveCfg = Release|Any CPU
		{BA16B5E1-EC68-4BF5-8EE0-41D03B8040A4}.Release|Any CPU.Build.0 = Release|Any CPU
		{CADDD359-ED3C-4B7D-8FA3-9391D66A69E5}.Debug|Any CPU.ActiveCfg = Debug|Any CPU
		{CADDD359-ED3C-4B7D-8FA3-9391D66A69E5}.Debug|Any CPU.Build.0 = Debug|Any CPU
		{CADDD359-ED3C-4B7D-8FA3-9391D66A69E5}.Release|Any CPU.ActiveCfg = Release|Any CPU
		{CADDD359-ED3C-4B7D-8FA3-9391D66A69E5}.Release|Any CPU.Build.0 = Release|Any CPU
		{17664BD0-B10E-4A74-82AB-2C7E71C2AB4C}.Debug|Any CPU.ActiveCfg = Debug|Any CPU
		{17664BD0-B10E-4A74-82AB-2C7E71C2AB4C}.Debug|Any CPU.Build.0 = Debug|Any CPU
		{17664BD0-B10E-4A74-82AB-2C7E71C2AB4C}.Release|Any CPU.ActiveCfg = Release|Any CPU
		{17664BD0-B10E-4A74-82AB-2C7E71C2AB4C}.Release|Any CPU.Build.0 = Release|Any CPU
		{FF49F351-6205-4221-925F-6C33965E3BB4}.Debug|Any CPU.ActiveCfg = Debug|Any CPU
		{FF49F351-6205-4221-925F-6C33965E3BB4}.Debug|Any CPU.Build.0 = Debug|Any CPU
		{FF49F351-6205-4221-925F-6C33965E3BB4}.Release|Any CPU.ActiveCfg = Release|Any CPU
		{FF49F351-6205-4221-925F-6C33965E3BB4}.Release|Any CPU.Build.0 = Release|Any CPU
		{84997449-C0E8-4D7D-9461-DBB59FF0084C}.Debug|Any CPU.ActiveCfg = Debug|Any CPU
		{84997449-C0E8-4D7D-9461-DBB59FF0084C}.Debug|Any CPU.Build.0 = Debug|Any CPU
		{84997449-C0E8-4D7D-9461-DBB59FF0084C}.Release|Any CPU.ActiveCfg = Release|Any CPU
		{84997449-C0E8-4D7D-9461-DBB59FF0084C}.Release|Any CPU.Build.0 = Release|Any CPU
	EndGlobalSection
	GlobalSection(SolutionProperties) = preSolution
		HideSolutionNode = FALSE
	EndGlobalSection
	GlobalSection(NestedProjects) = preSolution
		{FABF5245-0261-4878-A047-6AB6EAA35EE7} = {4F6BE2ED-CF8B-4121-BE0C-13F49D34FED1}
		{E2E2E3AA-DEF5-4811-BC61-963239994AE9} = {4F6BE2ED-CF8B-4121-BE0C-13F49D34FED1}
		{BA16B5E1-EC68-4BF5-8EE0-41D03B8040A4} = {4F6BE2ED-CF8B-4121-BE0C-13F49D34FED1}
		{CADDD359-ED3C-4B7D-8FA3-9391D66A69E5} = {4F6BE2ED-CF8B-4121-BE0C-13F49D34FED1}
		{17664BD0-B10E-4A74-82AB-2C7E71C2AB4C} = {4F6BE2ED-CF8B-4121-BE0C-13F49D34FED1}
		{FF49F351-6205-4221-925F-6C33965E3BB4} = {E0599704-33DE-454F-96CB-B95A3186359D}
		{84997449-C0E8-4D7D-9461-DBB59FF0084C} = {E0599704-33DE-454F-96CB-B95A3186359D}
	EndGlobalSection
	GlobalSection(ExtensibilityGlobals) = postSolution
		SolutionGuid = {5C72E78A-8F2D-474C-8526-E0CEAD6A1DAE}
	EndGlobalSection
EndGlobal
